
Microsoft Visual Studio Solution File, Format Version 12.00
# Visual Studio 15
VisualStudioVersion = 15.0.28307.1022
MinimumVisualStudioVersion = 10.0.40219.1
Project("{FAE04EC0-301F-11D3-BF4B-00C04F79EFBC}") = "WebCanciones", "WebCanciones\WebCanciones.csproj", "{744A1A79-5855-4472-B50B-4CE99104B380}"
EndProject
Global
	GlobalSection(SolutionConfigurationPlatforms) = preSolution
		Debug|Any CPU = Debug|Any CPU
		Release|Any CPU = Release|Any CPU
	EndGlobalSection
	GlobalSection(ProjectConfigurationPlatforms) = postSolution
		{744A1A79-5855-4472-B50B-4CE99104B380}.Debug|Any CPU.ActiveCfg = Debug|Any CPU
		{744A1A79-5855-4472-B50B-4CE99104B380}.Debug|Any CPU.Build.0 = Debug|Any CPU
		{744A1A79-5855-4472-B50B-4CE99104B380}.Release|Any CPU.ActiveCfg = Release|Any CPU
		{744A1A79-5855-4472-B50B-4CE99104B380}.Release|Any CPU.Build.0 = Release|Any CPU
	EndGlobalSection
	GlobalSection(SolutionProperties) = preSolution
		HideSolutionNode = FALSE
	EndGlobalSection
	GlobalSection(ExtensibilityGlobals) = postSolution
		SolutionGuid = {4ADE6E0B-7274-40C1-ACF3-946DAE126B6A}
	EndGlobalSection
EndGlobal
